
Microsoft Visual Studio Solution File, Format Version 12.00
# Visual Studio Version 16
VisualStudioVersion = 16.0.28803.352
MinimumVisualStudioVersion = 10.0.40219.1
Project("{9A19103F-16F7-4668-BE54-9A1E7A4F7556}") = "ProductCatalog.Api", "ProductCatalog\ProductCatalog.Api.csproj", "{7265FCDF-9F62-47B3-8400-A698CC5EB4F7}"
EndProject
Project("{9A19103F-16F7-4668-BE54-9A1E7A4F7556}") = "ProductCatalog.Core", "ProductCatalog.Core\ProductCatalog.Core.csproj", "{AC740BA1-74B1-481C-AF9B-6D60A2FB5634}"
EndProject
Project("{9A19103F-16F7-4668-BE54-9A1E7A4F7556}") = "ProductCatalog.Data", "ProductCatalog.Data\ProductCatalog.Data.csproj", "{BDAF5A36-EFB0-466B-A489-1308BB30F960}"
EndProject
Global
	GlobalSection(SolutionConfigurationPlatforms) = preSolution
		Debug|Any CPU = Debug|Any CPU
		Release|Any CPU = Release|Any CPU
	EndGlobalSection
	GlobalSection(ProjectConfigurationPlatforms) = postSolution
		{7265FCDF-9F62-47B3-8400-A698CC5EB4F7}.Debug|Any CPU.ActiveCfg = Debug|Any CPU
		{7265FCDF-9F62-47B3-8400-A698CC5EB4F7}.Debug|Any CPU.Build.0 = Debug|Any CPU
		{7265FCDF-9F62-47B3-8400-A698CC5EB4F7}.Release|Any CPU.ActiveCfg = Release|Any CPU
		{7265FCDF-9F62-47B3-8400-A698CC5EB4F7}.Release|Any CPU.Build.0 = Release|Any CPU
		{AC740BA1-74B1-481C-AF9B-6D60A2FB5634}.Debug|Any CPU.ActiveCfg = Debug|Any CPU
		{AC740BA1-74B1-481C-AF9B-6D60A2FB5634}.Debug|Any CPU.Build.0 = Debug|Any CPU
		{AC740BA1-74B1-481C-AF9B-6D60A2FB5634}.Release|Any CPU.ActiveCfg = Release|Any CPU
		{AC740BA1-74B1-481C-AF9B-6D60A2FB5634}.Release|Any CPU.Build.0 = Release|Any CPU
		{BDAF5A36-EFB0-466B-A489-1308BB30F960}.Debug|Any CPU.ActiveCfg = Debug|Any CPU
		{BDAF5A36-EFB0-466B-A489-1308BB30F960}.Debug|Any CPU.Build.0 = Debug|Any CPU
		{BDAF5A36-EFB0-466B-A489-1308BB30F960}.Release|Any CPU.ActiveCfg = Release|Any CPU
		{BDAF5A36-EFB0-466B-A489-1308BB30F960}.Release|Any CPU.Build.0 = Release|Any CPU
	EndGlobalSection
	GlobalSection(SolutionProperties) = preSolution
		HideSolutionNode = FALSE
	EndGlobalSection
	GlobalSection(ExtensibilityGlobals) = postSolution
		SolutionGuid = {6A41615B-3259-45B9-8604-38C64B96A997}
	EndGlobalSection
EndGlobal
