
Microsoft Visual Studio Solution File, Format Version 12.00
# Visual Studio Version 16
VisualStudioVersion = 16.0.28803.352
MinimumVisualStudioVersion = 10.0.40219.1
Project("{FAE04EC0-301F-11D3-BF4B-00C04F79EFBC}") = "ProductCatalog", "ProductCatalog\ProductCatalog.csproj", "{7265FCDF-9F62-47B3-8400-A698CC5EB4F7}"
EndProject
Global
	GlobalSection(SolutionConfigurationPlatforms) = preSolution
		Debug|Any CPU = Debug|Any CPU
		Release|Any CPU = Release|Any CPU
	EndGlobalSection
	GlobalSection(ProjectConfigurationPlatforms) = postSolution
		{7265FCDF-9F62-47B3-8400-A698CC5EB4F7}.Debug|Any CPU.ActiveCfg = Debug|Any CPU
		{7265FCDF-9F62-47B3-8400-A698CC5EB4F7}.Debug|Any CPU.Build.0 = Debug|Any CPU
		{7265FCDF-9F62-47B3-8400-A698CC5EB4F7}.Release|Any CPU.ActiveCfg = Release|Any CPU
		{7265FCDF-9F62-47B3-8400-A698CC5EB4F7}.Release|Any CPU.Build.0 = Release|Any CPU
	EndGlobalSection
	GlobalSection(SolutionProperties) = preSolution
		HideSolutionNode = FALSE
	EndGlobalSection
	GlobalSection(ExtensibilityGlobals) = postSolution
		SolutionGuid = {6A41615B-3259-45B9-8604-38C64B96A997}
	EndGlobalSection
EndGlobal
